
Microsoft Visual Studio Solution File, Format Version 12.00
# Visual Studio Version 16
VisualStudioVersion = 16.0.30104.148
MinimumVisualStudioVersion = 10.0.40219.1
Project("{FAE04EC0-301F-11D3-BF4B-00C04F79EFBC}") = "ClassLibrary1", "ClassLibrary1\ClassLibrary1.csproj", "{18AFBEEE-898C-475A-A3F1-13B3DAB8489B}"
EndProject
Project("{FAE04EC0-301F-11D3-BF4B-00C04F79EFBC}") = "MyProject.Specs", "D:\си#пробнички\MyProject.Specs\MyProject.Specs.csproj", "{1CDD4C60-89F2-4A65-925E-9C65E4A25D86}"
EndProject
Global
	GlobalSection(SolutionConfigurationPlatforms) = preSolution
		Debug|Any CPU = Debug|Any CPU
		Release|Any CPU = Release|Any CPU
	EndGlobalSection
	GlobalSection(ProjectConfigurationPlatforms) = postSolution
		{18AFBEEE-898C-475A-A3F1-13B3DAB8489B}.Debug|Any CPU.ActiveCfg = Debug|Any CPU
		{18AFBEEE-898C-475A-A3F1-13B3DAB8489B}.Debug|Any CPU.Build.0 = Debug|Any CPU
		{18AFBEEE-898C-475A-A3F1-13B3DAB8489B}.Release|Any CPU.ActiveCfg = Release|Any CPU
		{18AFBEEE-898C-475A-A3F1-13B3DAB8489B}.Release|Any CPU.Build.0 = Release|Any CPU
		{1CDD4C60-89F2-4A65-925E-9C65E4A25D86}.Debug|Any CPU.ActiveCfg = Debug|Any CPU
		{1CDD4C60-89F2-4A65-925E-9C65E4A25D86}.Debug|Any CPU.Build.0 = Debug|Any CPU
		{1CDD4C60-89F2-4A65-925E-9C65E4A25D86}.Release|Any CPU.ActiveCfg = Release|Any CPU
		{1CDD4C60-89F2-4A65-925E-9C65E4A25D86}.Release|Any CPU.Build.0 = Release|Any CPU
	EndGlobalSection
	GlobalSection(SolutionProperties) = preSolution
		HideSolutionNode = FALSE
	EndGlobalSection
	GlobalSection(ExtensibilityGlobals) = postSolution
		SolutionGuid = {38A9AE00-B260-4BBA-8C7E-765773FA2822}
	EndGlobalSection
EndGlobal
